// !$*UTF8*$!
{
	archiveVersion = 1;
	classes = {
	};
	objectVersion = 55;
	objects = {

/* Begin PBXBuildFile section */
		5A64C46C281E6082001846A1 /* Letters.json in Resources */ = {isa = PBXBuildFile; fileRef = 5A64C46B281E6082001846A1 /* Letters.json */; };
		5A64C46F281E69F7001846A1 /* Letters.swift in Sources */ = {isa = PBXBuildFile; fileRef = 5A64C46E281E69F7001846A1 /* Letters.swift */; };
		5A64C473281E6A93001846A1 /* LetterStep.swift in Sources */ = {isa = PBXBuildFile; fileRef = 5A64C472281E6A93001846A1 /* LetterStep.swift */; };
		5A64C475281E6AF8001846A1 /* LetterStepParamsPoint.swift in Sources */ = {isa = PBXBuildFile; fileRef = 5A64C474281E6AF8001846A1 /* LetterStepParamsPoint.swift */; };
		5A64C477281E6B28001846A1 /* LetterStepParams.swift in Sources */ = {isa = PBXBuildFile; fileRef = 5A64C476281E6B28001846A1 /* LetterStepParams.swift */; };
		5A64C47A281E6C1A001846A1 /* DataParser.swift in Sources */ = {isa = PBXBuildFile; fileRef = 5A64C479281E6C1A001846A1 /* DataParser.swift */; };
		5A64C47C281E6CFE001846A1 /* DataManager.swift in Sources */ = {isa = PBXBuildFile; fileRef = 5A64C47B281E6CFE001846A1 /* DataManager.swift */; };
		5A64C47E281E6D4B001846A1 /* DataParserProtocol.swift in Sources */ = {isa = PBXBuildFile; fileRef = 5A64C47D281E6D4B001846A1 /* DataParserProtocol.swift */; };
		5A64C480281E6EAC001846A1 /* LetterStepKey.swift in Sources */ = {isa = PBXBuildFile; fileRef = 5A64C47F281E6EAC001846A1 /* LetterStepKey.swift */; };
		5A64C483281E7BBB001846A1 /* FileError.swift in Sources */ = {isa = PBXBuildFile; fileRef = 5A64C482281E7BBB001846A1 /* FileError.swift */; };
		5A713DBA281C279100D8DEB1 /* ResumeApp.swift in Sources */ = {isa = PBXBuildFile; fileRef = 5A713DB9281C279100D8DEB1 /* ResumeApp.swift */; };
		5A713DBE281C279700D8DEB1 /* Assets.xcassets in Resources */ = {isa = PBXBuildFile; fileRef = 5A713DBD281C279700D8DEB1 /* Assets.xcassets */; };
		5A713DC1281C279700D8DEB1 /* Preview Assets.xcassets in Resources */ = {isa = PBXBuildFile; fileRef = 5A713DC0281C279700D8DEB1 /* Preview Assets.xcassets */; };
		5A742E4F281CF0B7006FC71B /* Muyao-Softbrush.ttf in Resources */ = {isa = PBXBuildFile; fileRef = 5A742E4E281CF0B7006FC71B /* Muyao-Softbrush.ttf */; };
		5A742E51281CF0C9006FC71B /* Font+.swift in Sources */ = {isa = PBXBuildFile; fileRef = 5A742E50281CF0C9006FC71B /* Font+.swift */; };
		5A8F99242972A35800EBCCDA /* ResumeAppViewModel.swift in Sources */ = {isa = PBXBuildFile; fileRef = 5A8F99232972A35800EBCCDA /* ResumeAppViewModel.swift */; };
		5A9CB21F29767D910064D916 /* HomeView.swift in Sources */ = {isa = PBXBuildFile; fileRef = 5A9CB21E29767D910064D916 /* HomeView.swift */; };
		5A9CB22229767DF40064D916 /* DialogueStyle.swift in Sources */ = {isa = PBXBuildFile; fileRef = 5A9CB22129767DF40064D916 /* DialogueStyle.swift */; };
		5AE2DF40281D1A130091295E /* LaunchView.swift in Sources */ = {isa = PBXBuildFile; fileRef = 5AE2DF3F281D1A130091295E /* LaunchView.swift */; };
		5AE2DF42281D1A520091295E /* UIBezierPath+.swift in Sources */ = {isa = PBXBuildFile; fileRef = 5AE2DF41281D1A520091295E /* UIBezierPath+.swift */; };
		5AE2DF44281D22980091295E /* ShapeView.swift in Sources */ = {isa = PBXBuildFile; fileRef = 5AE2DF43281D22980091295E /* ShapeView.swift */; };
/* End PBXBuildFile section */

/* Begin PBXFileReference section */
		5A64C46B281E6082001846A1 /* Letters.json */ = {isa = PBXFileReference; fileEncoding = 4; lastKnownFileType = text.json; path = Letters.json; sourceTree = "<group>"; };
		5A64C46E281E69F7001846A1 /* Letters.swift */ = {isa = PBXFileReference; lastKnownFileType = sourcecode.swift; path = Letters.swift; sourceTree = "<group>"; };
		5A64C472281E6A93001846A1 /* LetterStep.swift */ = {isa = PBXFileReference; lastKnownFileType = sourcecode.swift; path = LetterStep.swift; sourceTree = "<group>"; };
		5A64C474281E6AF8001846A1 /* LetterStepParamsPoint.swift */ = {isa = PBXFileReference; lastKnownFileType = sourcecode.swift; path = LetterStepParamsPoint.swift; sourceTree = "<group>"; };
		5A64C476281E6B28001846A1 /* LetterStepParams.swift */ = {isa = PBXFileReference; lastKnownFileType = sourcecode.swift; path = LetterStepParams.swift; sourceTree = "<group>"; };
		5A64C479281E6C1A001846A1 /* DataParser.swift */ = {isa = PBXFileReference; lastKnownFileType = sourcecode.swift; path = DataParser.swift; sourceTree = "<group>"; };
		5A64C47B281E6CFE001846A1 /* DataManager.swift */ = {isa = PBXFileReference; lastKnownFileType = sourcecode.swift; path = DataManager.swift; sourceTree = "<group>"; };
		5A64C47D281E6D4B001846A1 /* DataParserProtocol.swift */ = {isa = PBXFileReference; lastKnownFileType = sourcecode.swift; path = DataParserProtocol.swift; sourceTree = "<group>"; };
		5A64C47F281E6EAC001846A1 /* LetterStepKey.swift */ = {isa = PBXFileReference; lastKnownFileType = sourcecode.swift; path = LetterStepKey.swift; sourceTree = "<group>"; };
		5A64C482281E7BBB001846A1 /* FileError.swift */ = {isa = PBXFileReference; lastKnownFileType = sourcecode.swift; path = FileError.swift; sourceTree = "<group>"; };
		5A713DB6281C279100D8DEB1 /* Resume.app */ = {isa = PBXFileReference; explicitFileType = wrapper.application; includeInIndex = 0; path = Resume.app; sourceTree = BUILT_PRODUCTS_DIR; };
		5A713DB9281C279100D8DEB1 /* ResumeApp.swift */ = {isa = PBXFileReference; lastKnownFileType = sourcecode.swift; path = ResumeApp.swift; sourceTree = "<group>"; };
		5A713DBD281C279700D8DEB1 /* Assets.xcassets */ = {isa = PBXFileReference; lastKnownFileType = folder.assetcatalog; path = Assets.xcassets; sourceTree = "<group>"; };
		5A713DC0281C279700D8DEB1 /* Preview Assets.xcassets */ = {isa = PBXFileReference; lastKnownFileType = folder.assetcatalog; path = "Preview Assets.xcassets"; sourceTree = "<group>"; };
		5A742E4E281CF0B7006FC71B /* Muyao-Softbrush.ttf */ = {isa = PBXFileReference; lastKnownFileType = file; path = "Muyao-Softbrush.ttf"; sourceTree = "<group>"; };
		5A742E50281CF0C9006FC71B /* Font+.swift */ = {isa = PBXFileReference; lastKnownFileType = sourcecode.swift; path = "Font+.swift"; sourceTree = "<group>"; };
		5A742E54281CF1E2006FC71B /* Info.plist */ = {isa = PBXFileReference; lastKnownFileType = text.plist; path = Info.plist; sourceTree = "<group>"; };
		5A8F99232972A35800EBCCDA /* ResumeAppViewModel.swift */ = {isa = PBXFileReference; lastKnownFileType = sourcecode.swift; path = ResumeAppViewModel.swift; sourceTree = "<group>"; };
		5A9CB21E29767D910064D916 /* HomeView.swift */ = {isa = PBXFileReference; lastKnownFileType = sourcecode.swift; path = HomeView.swift; sourceTree = "<group>"; };
		5A9CB22129767DF40064D916 /* DialogueStyle.swift */ = {isa = PBXFileReference; lastKnownFileType = sourcecode.swift; path = DialogueStyle.swift; sourceTree = "<group>"; };
		5AE2DF3F281D1A130091295E /* LaunchView.swift */ = {isa = PBXFileReference; lastKnownFileType = sourcecode.swift; path = LaunchView.swift; sourceTree = "<group>"; };
		5AE2DF41281D1A520091295E /* UIBezierPath+.swift */ = {isa = PBXFileReference; lastKnownFileType = sourcecode.swift; path = "UIBezierPath+.swift"; sourceTree = "<group>"; };
		5AE2DF43281D22980091295E /* ShapeView.swift */ = {isa = PBXFileReference; lastKnownFileType = sourcecode.swift; path = ShapeView.swift; sourceTree = "<group>"; };
/* End PBXFileReference section */

/* Begin PBXFrameworksBuildPhase section */
		5A713DB3281C279100D8DEB1 /* Frameworks */ = {
			isa = PBXFrameworksBuildPhase;
			buildActionMask = 2147483647;
			files = (
			);
			runOnlyForDeploymentPostprocessing = 0;
		};
/* End PBXFrameworksBuildPhase section */

/* Begin PBXGroup section */
		5A64C46D281E69C8001846A1 /* Models */ = {
			isa = PBXGroup;
			children = (
				5A64C46E281E69F7001846A1 /* Letters.swift */,
				5A64C472281E6A93001846A1 /* LetterStep.swift */,
				5A64C476281E6B28001846A1 /* LetterStepParams.swift */,
				5A64C474281E6AF8001846A1 /* LetterStepParamsPoint.swift */,
				5A64C47F281E6EAC001846A1 /* LetterStepKey.swift */,
			);
			path = Models;
			sourceTree = "<group>";
		};
		5A64C481281E7BB2001846A1 /* Models */ = {
			isa = PBXGroup;
			children = (
				5A64C482281E7BBB001846A1 /* FileError.swift */,
			);
			path = Models;
			sourceTree = "<group>";
		};
		5A713DAD281C279100D8DEB1 = {
			isa = PBXGroup;
			children = (
				5A713DB8281C279100D8DEB1 /* Resume */,
				5A713DB7281C279100D8DEB1 /* Products */,
			);
			sourceTree = "<group>";
		};
		5A713DB7281C279100D8DEB1 /* Products */ = {
			isa = PBXGroup;
			children = (
				5A713DB6281C279100D8DEB1 /* Resume.app */,
			);
			name = Products;
			sourceTree = "<group>";
		};
		5A713DB8281C279100D8DEB1 /* Resume */ = {
			isa = PBXGroup;
			children = (
				5A9CB223297694CD0064D916 /* Resources */,
				5A8F99202972A2E800EBCCDA /* App */,
				5AE6FEE9296D3A66004760C8 /* Utils */,
				5A64C481281E7BB2001846A1 /* Models */,
				5AE2DF3D281D196B0091295E /* Screens */,
				5A742E54281CF1E2006FC71B /* Info.plist */,
				5A742E4D281CF09C006FC71B /* Extensions */,
				5A713DBD281C279700D8DEB1 /* Assets.xcassets */,
				5A713DBF281C279700D8DEB1 /* Preview Content */,
			);
			path = Resume;
			sourceTree = "<group>";
		};
		5A713DBF281C279700D8DEB1 /* Preview Content */ = {
			isa = PBXGroup;
			children = (
				5A713DC0281C279700D8DEB1 /* Preview Assets.xcassets */,
			);
			path = "Preview Content";
			sourceTree = "<group>";
		};
		5A742E4D281CF09C006FC71B /* Extensions */ = {
			isa = PBXGroup;
			children = (
				5A742E50281CF0C9006FC71B /* Font+.swift */,
				5AE2DF41281D1A520091295E /* UIBezierPath+.swift */,
			);
			path = Extensions;
			sourceTree = "<group>";
		};
		5A8F99202972A2E800EBCCDA /* App */ = {
			isa = PBXGroup;
			children = (
				5A8F99232972A35800EBCCDA /* ResumeAppViewModel.swift */,
				5A713DB9281C279100D8DEB1 /* ResumeApp.swift */,
			);
			path = App;
			sourceTree = "<group>";
		};
		5A9CB21D29767D830064D916 /* Home */ = {
			isa = PBXGroup;
			children = (
				5A9CB22029767DE90064D916 /* Models */,
				5A9CB21E29767D910064D916 /* HomeView.swift */,
			);
			path = Home;
			sourceTree = "<group>";
		};
		5A9CB22029767DE90064D916 /* Models */ = {
			isa = PBXGroup;
			children = (
				5A9CB22129767DF40064D916 /* DialogueStyle.swift */,
			);
			path = Models;
			sourceTree = "<group>";
		};
		5A9CB223297694CD0064D916 /* Resources */ = {
			isa = PBXGroup;
			children = (
				5A742E4E281CF0B7006FC71B /* Muyao-Softbrush.ttf */,
				5A64C46B281E6082001846A1 /* Letters.json */,
			);
			path = Resources;
			sourceTree = "<group>";
		};
		5AE2DF3D281D196B0091295E /* Screens */ = {
			isa = PBXGroup;
			children = (
				5A9CB21D29767D830064D916 /* Home */,
				5AE2DF3E281D19F00091295E /* Launch */,
			);
			path = Screens;
			sourceTree = "<group>";
		};
		5AE2DF3E281D19F00091295E /* Launch */ = {
			isa = PBXGroup;
			children = (
				5AE2DF43281D22980091295E /* ShapeView.swift */,
				5A64C46D281E69C8001846A1 /* Models */,
				5AE2DF3F281D1A130091295E /* LaunchView.swift */,
			);
			path = Launch;
			sourceTree = "<group>";
		};
		5AE6FEE9296D3A66004760C8 /* Utils */ = {
			isa = PBXGroup;
			children = (
				5A64C47B281E6CFE001846A1 /* DataManager.swift */,
				5A64C479281E6C1A001846A1 /* DataParser.swift */,
				5A64C47D281E6D4B001846A1 /* DataParserProtocol.swift */,
			);
			path = Utils;
			sourceTree = "<group>";
		};
/* End PBXGroup section */

/* Begin PBXNativeTarget section */
		5A713DB5281C279100D8DEB1 /* Resume */ = {
			isa = PBXNativeTarget;
			buildConfigurationList = 5A713DC4281C279700D8DEB1 /* Build configuration list for PBXNativeTarget "Resume" */;
			buildPhases = (
				5A713DB2281C279100D8DEB1 /* Sources */,
				5A713DB3281C279100D8DEB1 /* Frameworks */,
				5A713DB4281C279100D8DEB1 /* Resources */,
			);
			buildRules = (
			);
			dependencies = (
			);
			name = Resume;
			productName = Resume;
			productReference = 5A713DB6281C279100D8DEB1 /* Resume.app */;
			productType = "com.apple.product-type.application";
		};
/* End PBXNativeTarget section */

/* Begin PBXProject section */
		5A713DAE281C279100D8DEB1 /* Project object */ = {
			isa = PBXProject;
			attributes = {
				BuildIndependentTargetsInParallel = 1;
				LastSwiftUpdateCheck = 1330;
				LastUpgradeCheck = 1330;
				TargetAttributes = {
					5A713DB5281C279100D8DEB1 = {
						CreatedOnToolsVersion = 13.3;
					};
				};
			};
			buildConfigurationList = 5A713DB1281C279100D8DEB1 /* Build configuration list for PBXProject "Resume" */;
			compatibilityVersion = "Xcode 13.0";
			developmentRegion = en;
			hasScannedForEncodings = 0;
			knownRegions = (
				en,
				Base,
			);
			mainGroup = 5A713DAD281C279100D8DEB1;
			productRefGroup = 5A713DB7281C279100D8DEB1 /* Products */;
			projectDirPath = "";
			projectRoot = "";
			targets = (
				5A713DB5281C279100D8DEB1 /* Resume */,
			);
		};
/* End PBXProject section */

/* Begin PBXResourcesBuildPhase section */
		5A713DB4281C279100D8DEB1 /* Resources */ = {
			isa = PBXResourcesBuildPhase;
			buildActionMask = 2147483647;
			files = (
				5A713DC1281C279700D8DEB1 /* Preview Assets.xcassets in Resources */,
				5A713DBE281C279700D8DEB1 /* Assets.xcassets in Resources */,
				5A742E4F281CF0B7006FC71B /* Muyao-Softbrush.ttf in Resources */,
				5A64C46C281E6082001846A1 /* Letters.json in Resources */,
			);
			runOnlyForDeploymentPostprocessing = 0;
		};
/* End PBXResourcesBuildPhase section */

/* Begin PBXSourcesBuildPhase section */
		5A713DB2281C279100D8DEB1 /* Sources */ = {
			isa = PBXSourcesBuildPhase;
			buildActionMask = 2147483647;
			files = (
				5A64C47C281E6CFE001846A1 /* DataManager.swift in Sources */,
				5A64C483281E7BBB001846A1 /* FileError.swift in Sources */,
				5A8F99242972A35800EBCCDA /* ResumeAppViewModel.swift in Sources */,
				5A64C475281E6AF8001846A1 /* LetterStepParamsPoint.swift in Sources */,
				5A64C47A281E6C1A001846A1 /* DataParser.swift in Sources */,
				5A9CB22229767DF40064D916 /* DialogueStyle.swift in Sources */,
				5AE2DF44281D22980091295E /* ShapeView.swift in Sources */,
				5AE2DF42281D1A520091295E /* UIBezierPath+.swift in Sources */,
				5A64C47E281E6D4B001846A1 /* DataParserProtocol.swift in Sources */,
				5A742E51281CF0C9006FC71B /* Font+.swift in Sources */,
				5A64C46F281E69F7001846A1 /* Letters.swift in Sources */,
				5A713DBA281C279100D8DEB1 /* ResumeApp.swift in Sources */,
				5AE2DF40281D1A130091295E /* LaunchView.swift in Sources */,
				5A64C480281E6EAC001846A1 /* LetterStepKey.swift in Sources */,
				5A9CB21F29767D910064D916 /* HomeView.swift in Sources */,
				5A64C473281E6A93001846A1 /* LetterStep.swift in Sources */,
				5A64C477281E6B28001846A1 /* LetterStepParams.swift in Sources */,
			);
			runOnlyForDeploymentPostprocessing = 0;
		};
/* End PBXSourcesBuildPhase section */

/* Begin XCBuildConfiguration section */
		5A713DC2281C279700D8DEB1 /* Debug */ = {
			isa = XCBuildConfiguration;
			buildSettings = {
				ALWAYS_SEARCH_USER_PATHS = NO;
				CLANG_ANALYZER_NONNULL = YES;
				CLANG_ANALYZER_NUMBER_OBJECT_CONVERSION = YES_AGGRESSIVE;
				CLANG_CXX_LANGUAGE_STANDARD = "gnu++17";
				CLANG_ENABLE_MODULES = YES;
				CLANG_ENABLE_OBJC_ARC = YES;
				CLANG_ENABLE_OBJC_WEAK = YES;
				CLANG_WARN_BLOCK_CAPTURE_AUTORELEASING = YES;
				CLANG_WARN_BOOL_CONVERSION = YES;
				CLANG_WARN_COMMA = YES;
				CLANG_WARN_CONSTANT_CONVERSION = YES;
				CLANG_WARN_DEPRECATED_OBJC_IMPLEMENTATIONS = YES;
				CLANG_WARN_DIRECT_OBJC_ISA_USAGE = YES_ERROR;
				CLANG_WARN_DOCUMENTATION_COMMENTS = YES;
				CLANG_WARN_EMPTY_BODY = YES;
				CLANG_WARN_ENUM_CONVERSION = YES;
				CLANG_WARN_INFINITE_RECURSION = YES;
				CLANG_WARN_INT_CONVERSION = YES;
				CLANG_WARN_NON_LITERAL_NULL_CONVERSION = YES;
				CLANG_WARN_OBJC_IMPLICIT_RETAIN_SELF = YES;
				CLANG_WARN_OBJC_LITERAL_CONVERSION = YES;
				CLANG_WARN_OBJC_ROOT_CLASS = YES_ERROR;
				CLANG_WARN_QUOTED_INCLUDE_IN_FRAMEWORK_HEADER = YES;
				CLANG_WARN_RANGE_LOOP_ANALYSIS = YES;
				CLANG_WARN_STRICT_PROTOTYPES = YES;
				CLANG_WARN_SUSPICIOUS_MOVE = YES;
				CLANG_WARN_UNGUARDED_AVAILABILITY = YES_AGGRESSIVE;
				CLANG_WARN_UNREACHABLE_CODE = YES;
				CLANG_WARN__DUPLICATE_METHOD_MATCH = YES;
				COPY_PHASE_STRIP = NO;
				DEBUG_INFORMATION_FORMAT = dwarf;
				ENABLE_STRICT_OBJC_MSGSEND = YES;
				ENABLE_TESTABILITY = YES;
				GCC_C_LANGUAGE_STANDARD = gnu11;
				GCC_DYNAMIC_NO_PIC = NO;
				GCC_NO_COMMON_BLOCKS = YES;
				GCC_OPTIMIZATION_LEVEL = 0;
				GCC_PREPROCESSOR_DEFINITIONS = (
					"DEBUG=1",
					"$(inherited)",
				);
				GCC_WARN_64_TO_32_BIT_CONVERSION = YES;
				GCC_WARN_ABOUT_RETURN_TYPE = YES_ERROR;
				GCC_WARN_UNDECLARED_SELECTOR = YES;
				GCC_WARN_UNINITIALIZED_AUTOS = YES_AGGRESSIVE;
				GCC_WARN_UNUSED_FUNCTION = YES;
				GCC_WARN_UNUSED_VARIABLE = YES;
				IPHONEOS_DEPLOYMENT_TARGET = 15.4;
				MTL_ENABLE_DEBUG_INFO = INCLUDE_SOURCE;
				MTL_FAST_MATH = YES;
				ONLY_ACTIVE_ARCH = YES;
				SDKROOT = iphoneos;
				SWIFT_ACTIVE_COMPILATION_CONDITIONS = DEBUG;
				SWIFT_OPTIMIZATION_LEVEL = "-Onone";
			};
			name = Debug;
		};
		5A713DC3281C279700D8DEB1 /* Release */ = {
			isa = XCBuildConfiguration;
			buildSettings = {
				ALWAYS_SEARCH_USER_PATHS = NO;
				CLANG_ANALYZER_NONNULL = YES;
				CLANG_ANALYZER_NUMBER_OBJECT_CONVERSION = YES_AGGRESSIVE;
				CLANG_CXX_LANGUAGE_STANDARD = "gnu++17";
				CLANG_ENABLE_MODULES = YES;
				CLANG_ENABLE_OBJC_ARC = YES;
				CLANG_ENABLE_OBJC_WEAK = YES;
				CLANG_WARN_BLOCK_CAPTURE_AUTORELEASING = YES;
				CLANG_WARN_BOOL_CONVERSION = YES;
				CLANG_WARN_COMMA = YES;
				CLANG_WARN_CONSTANT_CONVERSION = YES;
				CLANG_WARN_DEPRECATED_OBJC_IMPLEMENTATIONS = YES;
				CLANG_WARN_DIRECT_OBJC_ISA_USAGE = YES_ERROR;
				CLANG_WARN_DOCUMENTATION_COMMENTS = YES;
				CLANG_WARN_EMPTY_BODY = YES;
				CLANG_WARN_ENUM_CONVERSION = YES;
				CLANG_WARN_INFINITE_RECURSION = YES;
				CLANG_WARN_INT_CONVERSION = YES;
				CLANG_WARN_NON_LITERAL_NULL_CONVERSION = YES;
				CLANG_WARN_OBJC_IMPLICIT_RETAIN_SELF = YES;
				CLANG_WARN_OBJC_LITERAL_CONVERSION = YES;
				CLANG_WARN_OBJC_ROOT_CLASS = YES_ERROR;
				CLANG_WARN_QUOTED_INCLUDE_IN_FRAMEWORK_HEADER = YES;
				CLANG_WARN_RANGE_LOOP_ANALYSIS = YES;
				CLANG_WARN_STRICT_PROTOTYPES = YES;
				CLANG_WARN_SUSPICIOUS_MOVE = YES;
				CLANG_WARN_UNGUARDED_AVAILABILITY = YES_AGGRESSIVE;
				CLANG_WARN_UNREACHABLE_CODE = YES;
				CLANG_WARN__DUPLICATE_METHOD_MATCH = YES;
				COPY_PHASE_STRIP = NO;
				DEBUG_INFORMATION_FORMAT = "dwarf-with-dsym";
				ENABLE_NS_ASSERTIONS = NO;
				ENABLE_STRICT_OBJC_MSGSEND = YES;
				GCC_C_LANGUAGE_STANDARD = gnu11;
				GCC_NO_COMMON_BLOCKS = YES;
				GCC_WARN_64_TO_32_BIT_CONVERSION = YES;
				GCC_WARN_ABOUT_RETURN_TYPE = YES_ERROR;
				GCC_WARN_UNDECLARED_SELECTOR = YES;
				GCC_WARN_UNINITIALIZED_AUTOS = YES_AGGRESSIVE;
				GCC_WARN_UNUSED_FUNCTION = YES;
				GCC_WARN_UNUSED_VARIABLE = YES;
				IPHONEOS_DEPLOYMENT_TARGET = 15.4;
				MTL_ENABLE_DEBUG_INFO = NO;
				MTL_FAST_MATH = YES;
				SDKROOT = iphoneos;
				SWIFT_COMPILATION_MODE = wholemodule;
				SWIFT_OPTIMIZATION_LEVEL = "-O";
				VALIDATE_PRODUCT = YES;
			};
			name = Release;
		};
		5A713DC5281C279700D8DEB1 /* Debug */ = {
			isa = XCBuildConfiguration;
			buildSettings = {
				ASSETCATALOG_COMPILER_APPICON_NAME = AppIcon;
				ASSETCATALOG_COMPILER_GLOBAL_ACCENT_COLOR_NAME = AccentColor;
				CODE_SIGN_STYLE = Automatic;
				CURRENT_PROJECT_VERSION = 1;
				DEVELOPMENT_ASSET_PATHS = "\"Resume/Preview Content\"";
				DEVELOPMENT_TEAM = VD5V2K59JQ;
				ENABLE_PREVIEWS = YES;
				GENERATE_INFOPLIST_FILE = YES;
				INFOPLIST_FILE = Resume/Info.plist;
				INFOPLIST_KEY_UIApplicationSceneManifest_Generation = YES;
				INFOPLIST_KEY_UIApplicationSupportsIndirectInputEvents = YES;
				INFOPLIST_KEY_UILaunchScreen_Generation = YES;
				INFOPLIST_KEY_UISupportedInterfaceOrientations = UIInterfaceOrientationPortrait;
				INFOPLIST_KEY_UISupportedInterfaceOrientations_iPad = "UIInterfaceOrientationPortrait UIInterfaceOrientationPortraitUpsideDown UIInterfaceOrientationLandscapeLeft UIInterfaceOrientationLandscapeRight";
				INFOPLIST_KEY_UISupportedInterfaceOrientations_iPhone = "UIInterfaceOrientationPortrait UIInterfaceOrientationLandscapeLeft UIInterfaceOrientationLandscapeRight";
				LD_RUNPATH_SEARCH_PATHS = (
					"$(inherited)",
					"@executable_path/Frameworks",
				);
				MARKETING_VERSION = 1.0;
				PRODUCT_BUNDLE_IDENTIFIER = lukailun.Resume;
				PRODUCT_NAME = "$(TARGET_NAME)";
				SWIFT_EMIT_LOC_STRINGS = YES;
				SWIFT_VERSION = 5.0;
				TARGETED_DEVICE_FAMILY = "1,2";
			};
			name = Debug;
		};
		5A713DC6281C279700D8DEB1 /* Release */ = {
			isa = XCBuildConfiguration;
			buildSettings = {
				ASSETCATALOG_COMPILER_APPICON_NAME = AppIcon;
				ASSETCATALOG_COMPILER_GLOBAL_ACCENT_COLOR_NAME = AccentColor;
				CODE_SIGN_STYLE = Automatic;
				CURRENT_PROJECT_VERSION = 1;
				DEVELOPMENT_ASSET_PATHS = "\"Resume/Preview Content\"";
				DEVELOPMENT_TEAM = VD5V2K59JQ;
				ENABLE_PREVIEWS = YES;
				GENERATE_INFOPLIST_FILE = YES;
				INFOPLIST_FILE = Resume/Info.plist;
				INFOPLIST_KEY_UIApplicationSceneManifest_Generation = YES;
				INFOPLIST_KEY_UIApplicationSupportsIndirectInputEvents = YES;
				INFOPLIST_KEY_UILaunchScreen_Generation = YES;
				INFOPLIST_KEY_UISupportedInterfaceOrientations = UIInterfaceOrientationPortrait;
				INFOPLIST_KEY_UISupportedInterfaceOrientations_iPad = "UIInterfaceOrientationPortrait UIInterfaceOrientationPortraitUpsideDown UIInterfaceOrientationLandscapeLeft UIInterfaceOrientationLandscapeRight";
				INFOPLIST_KEY_UISupportedInterfaceOrientations_iPhone = "UIInterfaceOrientationPortrait UIInterfaceOrientationLandscapeLeft UIInterfaceOrientationLandscapeRight";
				LD_RUNPATH_SEARCH_PATHS = (
					"$(inherited)",
					"@executable_path/Frameworks",
				);
				MARKETING_VERSION = 1.0;
				PRODUCT_BUNDLE_IDENTIFIER = lukailun.Resume;
				PRODUCT_NAME = "$(TARGET_NAME)";
				SWIFT_EMIT_LOC_STRINGS = YES;
				SWIFT_VERSION = 5.0;
				TARGETED_DEVICE_FAMILY = "1,2";
			};
			name = Release;
		};
/* End XCBuildConfiguration section */

/* Begin XCConfigurationList section */
		5A713DB1281C279100D8DEB1 /* Build configuration list for PBXProject "Resume" */ = {
			isa = XCConfigurationList;
			buildConfigurations = (
				5A713DC2281C279700D8DEB1 /* Debug */,
				5A713DC3281C279700D8DEB1 /* Release */,
			);
			defaultConfigurationIsVisible = 0;
			defaultConfigurationName = Release;
		};
		5A713DC4281C279700D8DEB1 /* Build configuration list for PBXNativeTarget "Resume" */ = {
			isa = XCConfigurationList;
			buildConfigurations = (
				5A713DC5281C279700D8DEB1 /* Debug */,
				5A713DC6281C279700D8DEB1 /* Release */,
			);
			defaultConfigurationIsVisible = 0;
			defaultConfigurationName = Release;
		};
/* End XCConfigurationList section */
	};
	rootObject = 5A713DAE281C279100D8DEB1 /* Project object */;
}
